// !$*UTF8*$!
{
	archiveVersion = 1;
	classes = {
	};
	objectVersion = 56;
	objects = {

/* Begin PBXBuildFile section */
		EE3C9AE12C40B6D900D22063 /* MoviesDBApp.swift in Sources */ = {isa = PBXBuildFile; fileRef = EE3C9AE02C40B6D900D22063 /* MoviesDBApp.swift */; };
		EE3C9AE32C40B6D900D22063 /* ContentView.swift in Sources */ = {isa = PBXBuildFile; fileRef = EE3C9AE22C40B6D900D22063 /* ContentView.swift */; };
		EE3C9AE52C40B6DA00D22063 /* Assets.xcassets in Resources */ = {isa = PBXBuildFile; fileRef = EE3C9AE42C40B6DA00D22063 /* Assets.xcassets */; };
		EE3C9AE82C40B6DA00D22063 /* Preview Assets.xcassets in Resources */ = {isa = PBXBuildFile; fileRef = EE3C9AE72C40B6DA00D22063 /* Preview Assets.xcassets */; };
		EE3C9AF22C40B7BF00D22063 /* HomeView.swift in Sources */ = {isa = PBXBuildFile; fileRef = EE3C9AF12C40B7BF00D22063 /* HomeView.swift */; };
		EE3C9AF42C40B7CA00D22063 /* DetailView.swift in Sources */ = {isa = PBXBuildFile; fileRef = EE3C9AF32C40B7CA00D22063 /* DetailView.swift */; };
		EE3C9AF72C40B9F400D22063 /* CategoryScrollView.swift in Sources */ = {isa = PBXBuildFile; fileRef = EE3C9AF62C40B9F400D22063 /* CategoryScrollView.swift */; };
		EE3C9AF92C40BA8C00D22063 /* PosterView.swift in Sources */ = {isa = PBXBuildFile; fileRef = EE3C9AF82C40BA8C00D22063 /* PosterView.swift */; };
		EE3C9AFB2C40BBAC00D22063 /* MainPosterView.swift in Sources */ = {isa = PBXBuildFile; fileRef = EE3C9AFA2C40BBAC00D22063 /* MainPosterView.swift */; };
		EE3C9AFD2C40BD1600D22063 /* ApiViewModel.swift in Sources */ = {isa = PBXBuildFile; fileRef = EE3C9AFC2C40BD1600D22063 /* ApiViewModel.swift */; };
		EE3C9AFF2C40C0AB00D22063 /* MovieDBResponse.swift in Sources */ = {isa = PBXBuildFile; fileRef = EE3C9AFE2C40C0AB00D22063 /* MovieDBResponse.swift */; };
		EE8EA2E52C49EE1600C947FA /* ActorCard.swift in Sources */ = {isa = PBXBuildFile; fileRef = EE8EA2E42C49EE1600C947FA /* ActorCard.swift */; };
		EE8EA2E72C49EEED00C947FA /* CastExampleData.swift in Sources */ = {isa = PBXBuildFile; fileRef = EE8EA2E62C49EEED00C947FA /* CastExampleData.swift */; };
		EE8EA2ED2C49F1F100C947FA /* DetailPoster.swift in Sources */ = {isa = PBXBuildFile; fileRef = EE8EA2EC2C49F1F100C947FA /* DetailPoster.swift */; };
		EE8EA2EF2C49F28600C947FA /* MovieDetailExampleData.swift in Sources */ = {isa = PBXBuildFile; fileRef = EE8EA2EE2C49F28600C947FA /* MovieDetailExampleData.swift */; };
		EE8EA2F12C49F3D100C947FA /* DetailInfo.swift in Sources */ = {isa = PBXBuildFile; fileRef = EE8EA2F02C49F3D100C947FA /* DetailInfo.swift */; };
		EE8EA2F32C507ED200C947FA /* GoogleService-Info.plist in Resources */ = {isa = PBXBuildFile; fileRef = EE8EA2F22C507ED100C947FA /* GoogleService-Info.plist */; };
		EE8EA2F52C507F0C00C947FA /* LoginView.swift in Sources */ = {isa = PBXBuildFile; fileRef = EE8EA2F42C507F0C00C947FA /* LoginView.swift */; };
		EE8EA2F72C5091E400C947FA /* LoginViewModel.swift in Sources */ = {isa = PBXBuildFile; fileRef = EE8EA2F62C5091E400C947FA /* LoginViewModel.swift */; };
		EE8EA2FA2C5093D000C947FA /* StringExtension.swift in Sources */ = {isa = PBXBuildFile; fileRef = EE8EA2F92C5093D000C947FA /* StringExtension.swift */; };
		EE8EA2FC2C5098D700C947FA /* SignUpView.swift in Sources */ = {isa = PBXBuildFile; fileRef = EE8EA2FB2C5098D700C947FA /* SignUpView.swift */; };
		EE8EA2FF2C509CF800C947FA /* AuthView.swift in Sources */ = {isa = PBXBuildFile; fileRef = EE8EA2FE2C509CF800C947FA /* AuthView.swift */; };
		EE8EA3022C50A25500C947FA /* EmailField.swift in Sources */ = {isa = PBXBuildFile; fileRef = EE8EA3012C50A25500C947FA /* EmailField.swift */; };
		EE8EA3042C50A2E700C947FA /* PasswordField.swift in Sources */ = {isa = PBXBuildFile; fileRef = EE8EA3032C50A2E700C947FA /* PasswordField.swift */; };
		EE8EA3062C50A60A00C947FA /* AuthContentField.swift in Sources */ = {isa = PBXBuildFile; fileRef = EE8EA3052C50A60A00C947FA /* AuthContentField.swift */; };
		EEEC236D2C40D3BF00E259F7 /* MovieDetail.swift in Sources */ = {isa = PBXBuildFile; fileRef = EEEC236C2C40D3BF00E259F7 /* MovieDetail.swift */; };
		EEEC236F2C40D56800E259F7 /* MovieCredits.swift in Sources */ = {isa = PBXBuildFile; fileRef = EEEC236E2C40D56800E259F7 /* MovieCredits.swift */; };
		EEEC23722C40DCAD00E259F7 /* MovieExampleData.swift in Sources */ = {isa = PBXBuildFile; fileRef = EEEC23712C40DCAD00E259F7 /* MovieExampleData.swift */; };
		EEEC23742C40E0F600E259F7 /* HomeViewModel.swift in Sources */ = {isa = PBXBuildFile; fileRef = EEEC23732C40E0F600E259F7 /* HomeViewModel.swift */; };
		EEEC23772C40EA4700E259F7 /* ColorExtension.swift in Sources */ = {isa = PBXBuildFile; fileRef = EEEC23762C40EA4700E259F7 /* ColorExtension.swift */; };
		EEEC237A2C47DADD00E259F7 /* UIImageColors in Frameworks */ = {isa = PBXBuildFile; productRef = EEEC23792C47DADD00E259F7 /* UIImageColors */; };
/* End PBXBuildFile section */

/* Begin PBXFileReference section */
		EE3C9ADD2C40B6D900D22063 /* MoviesDB.app */ = {isa = PBXFileReference; explicitFileType = wrapper.application; includeInIndex = 0; path = MoviesDB.app; sourceTree = BUILT_PRODUCTS_DIR; };
		EE3C9AE02C40B6D900D22063 /* MoviesDBApp.swift */ = {isa = PBXFileReference; lastKnownFileType = sourcecode.swift; path = MoviesDBApp.swift; sourceTree = "<group>"; };
		EE3C9AE22C40B6D900D22063 /* ContentView.swift */ = {isa = PBXFileReference; lastKnownFileType = sourcecode.swift; path = ContentView.swift; sourceTree = "<group>"; };
		EE3C9AE42C40B6DA00D22063 /* Assets.xcassets */ = {isa = PBXFileReference; lastKnownFileType = folder.assetcatalog; path = Assets.xcassets; sourceTree = "<group>"; };
		EE3C9AE72C40B6DA00D22063 /* Preview Assets.xcassets */ = {isa = PBXFileReference; lastKnownFileType = folder.assetcatalog; path = "Preview Assets.xcassets"; sourceTree = "<group>"; };
		EE3C9AF12C40B7BF00D22063 /* HomeView.swift */ = {isa = PBXFileReference; lastKnownFileType = sourcecode.swift; path = HomeView.swift; sourceTree = "<group>"; };
		EE3C9AF32C40B7CA00D22063 /* DetailView.swift */ = {isa = PBXFileReference; lastKnownFileType = sourcecode.swift; path = DetailView.swift; sourceTree = "<group>"; };
		EE3C9AF62C40B9F400D22063 /* CategoryScrollView.swift */ = {isa = PBXFileReference; lastKnownFileType = sourcecode.swift; path = CategoryScrollView.swift; sourceTree = "<group>"; };
		EE3C9AF82C40BA8C00D22063 /* PosterView.swift */ = {isa = PBXFileReference; lastKnownFileType = sourcecode.swift; path = PosterView.swift; sourceTree = "<group>"; };
		EE3C9AFA2C40BBAC00D22063 /* MainPosterView.swift */ = {isa = PBXFileReference; lastKnownFileType = sourcecode.swift; path = MainPosterView.swift; sourceTree = "<group>"; };
		EE3C9AFC2C40BD1600D22063 /* ApiViewModel.swift */ = {isa = PBXFileReference; lastKnownFileType = sourcecode.swift; path = ApiViewModel.swift; sourceTree = "<group>"; };
		EE3C9AFE2C40C0AB00D22063 /* MovieDBResponse.swift */ = {isa = PBXFileReference; lastKnownFileType = sourcecode.swift; path = MovieDBResponse.swift; sourceTree = "<group>"; };
		EE8EA2E42C49EE1600C947FA /* ActorCard.swift */ = {isa = PBXFileReference; lastKnownFileType = sourcecode.swift; path = ActorCard.swift; sourceTree = "<group>"; };
		EE8EA2E62C49EEED00C947FA /* CastExampleData.swift */ = {isa = PBXFileReference; lastKnownFileType = sourcecode.swift; path = CastExampleData.swift; sourceTree = "<group>"; };
		EE8EA2EC2C49F1F100C947FA /* DetailPoster.swift */ = {isa = PBXFileReference; lastKnownFileType = sourcecode.swift; path = DetailPoster.swift; sourceTree = "<group>"; };
		EE8EA2EE2C49F28600C947FA /* MovieDetailExampleData.swift */ = {isa = PBXFileReference; lastKnownFileType = sourcecode.swift; path = MovieDetailExampleData.swift; sourceTree = "<group>"; };
		EE8EA2F02C49F3D100C947FA /* DetailInfo.swift */ = {isa = PBXFileReference; lastKnownFileType = sourcecode.swift; path = DetailInfo.swift; sourceTree = "<group>"; };
		EE8EA2F22C507ED100C947FA /* GoogleService-Info.plist */ = {isa = PBXFileReference; fileEncoding = 4; lastKnownFileType = text.plist.xml; path = "GoogleService-Info.plist"; sourceTree = "<group>"; };
		EE8EA2F42C507F0C00C947FA /* LoginView.swift */ = {isa = PBXFileReference; lastKnownFileType = sourcecode.swift; path = LoginView.swift; sourceTree = "<group>"; };
		EE8EA2F62C5091E400C947FA /* LoginViewModel.swift */ = {isa = PBXFileReference; lastKnownFileType = sourcecode.swift; path = LoginViewModel.swift; sourceTree = "<group>"; };
		EE8EA2F92C5093D000C947FA /* StringExtension.swift */ = {isa = PBXFileReference; lastKnownFileType = sourcecode.swift; path = StringExtension.swift; sourceTree = "<group>"; };
		EE8EA2FB2C5098D700C947FA /* SignUpView.swift */ = {isa = PBXFileReference; lastKnownFileType = sourcecode.swift; path = SignUpView.swift; sourceTree = "<group>"; };
		EE8EA2FE2C509CF800C947FA /* AuthView.swift */ = {isa = PBXFileReference; lastKnownFileType = sourcecode.swift; path = AuthView.swift; sourceTree = "<group>"; };
		EE8EA3012C50A25500C947FA /* EmailField.swift */ = {isa = PBXFileReference; lastKnownFileType = sourcecode.swift; path = EmailField.swift; sourceTree = "<group>"; };
		EE8EA3032C50A2E700C947FA /* PasswordField.swift */ = {isa = PBXFileReference; lastKnownFileType = sourcecode.swift; path = PasswordField.swift; sourceTree = "<group>"; };
		EE8EA3052C50A60A00C947FA /* AuthContentField.swift */ = {isa = PBXFileReference; lastKnownFileType = sourcecode.swift; path = AuthContentField.swift; sourceTree = "<group>"; };
		EEEC236C2C40D3BF00E259F7 /* MovieDetail.swift */ = {isa = PBXFileReference; lastKnownFileType = sourcecode.swift; path = MovieDetail.swift; sourceTree = "<group>"; };
		EEEC236E2C40D56800E259F7 /* MovieCredits.swift */ = {isa = PBXFileReference; lastKnownFileType = sourcecode.swift; path = MovieCredits.swift; sourceTree = "<group>"; };
		EEEC23712C40DCAD00E259F7 /* MovieExampleData.swift */ = {isa = PBXFileReference; lastKnownFileType = sourcecode.swift; path = MovieExampleData.swift; sourceTree = "<group>"; };
		EEEC23732C40E0F600E259F7 /* HomeViewModel.swift */ = {isa = PBXFileReference; lastKnownFileType = sourcecode.swift; path = HomeViewModel.swift; sourceTree = "<group>"; };
		EEEC23762C40EA4700E259F7 /* ColorExtension.swift */ = {isa = PBXFileReference; lastKnownFileType = sourcecode.swift; path = ColorExtension.swift; sourceTree = "<group>"; };
/* End PBXFileReference section */

/* Begin PBXFrameworksBuildPhase section */
		EE3C9ADA2C40B6D900D22063 /* Frameworks */ = {
			isa = PBXFrameworksBuildPhase;
			buildActionMask = 2147483647;
			files = (
				EEEC237A2C47DADD00E259F7 /* UIImageColors in Frameworks */,
			);
			runOnlyForDeploymentPostprocessing = 0;
		};
/* End PBXFrameworksBuildPhase section */

/* Begin PBXGroup section */
		EE3C9AD42C40B6D900D22063 = {
			isa = PBXGroup;
			children = (
				EE3C9ADF2C40B6D900D22063 /* MoviesDB */,
				EE3C9ADE2C40B6D900D22063 /* Products */,
			);
			sourceTree = "<group>";
		};
		EE3C9ADE2C40B6D900D22063 /* Products */ = {
			isa = PBXGroup;
			children = (
				EE3C9ADD2C40B6D900D22063 /* MoviesDB.app */,
			);
			name = Products;
			sourceTree = "<group>";
		};
		EE3C9ADF2C40B6D900D22063 /* MoviesDB */ = {
			isa = PBXGroup;
			children = (
				EE3C9AEF2C40B71200D22063 /* Components */,
				EEEC23752C40EA3300E259F7 /* Extension */,
				EE3C9AEE2C40B70800D22063 /* Models */,
				EEEC23702C40DC9700E259F7 /* PreviewData */,
				EE3C9AF02C40B71900D22063 /* Screen */,
				EE3C9AF52C40B91300D22063 /* ViewModel */,
				EE3C9AE02C40B6D900D22063 /* MoviesDBApp.swift */,
				EE3C9AE22C40B6D900D22063 /* ContentView.swift */,
				EE3C9AE42C40B6DA00D22063 /* Assets.xcassets */,
				EE8EA2F22C507ED100C947FA /* GoogleService-Info.plist */,
				EE3C9AE62C40B6DA00D22063 /* Preview Content */,
			);
			path = MoviesDB;
			sourceTree = "<group>";
		};
		EE3C9AE62C40B6DA00D22063 /* Preview Content */ = {
			isa = PBXGroup;
			children = (
				EE3C9AE72C40B6DA00D22063 /* Preview Assets.xcassets */,
			);
			path = "Preview Content";
			sourceTree = "<group>";
		};
		EE3C9AEE2C40B70800D22063 /* Models */ = {
			isa = PBXGroup;
			children = (
				EE3C9AFE2C40C0AB00D22063 /* MovieDBResponse.swift */,
				EEEC236C2C40D3BF00E259F7 /* MovieDetail.swift */,
				EEEC236E2C40D56800E259F7 /* MovieCredits.swift */,
			);
			path = Models;
			sourceTree = "<group>";
		};
		EE3C9AEF2C40B71200D22063 /* Components */ = {
			isa = PBXGroup;
			children = (
				EE8EA3002C50A24000C947FA /* Auth */,
				EE8EA2E92C49F1A500C947FA /* Home */,
				EE8EA2E82C49F19B00C947FA /* Detail */,
			);
			path = Components;
			sourceTree = "<group>";
		};
		EE3C9AF02C40B71900D22063 /* Screen */ = {
			isa = PBXGroup;
			children = (
				EE8EA2FD2C509C8900C947FA /* AuthScreens */,
				EE3C9AF12C40B7BF00D22063 /* HomeView.swift */,
				EE3C9AF32C40B7CA00D22063 /* DetailView.swift */,
			);
			path = Screen;
			sourceTree = "<group>";
		};
		EE3C9AF52C40B91300D22063 /* ViewModel */ = {
			isa = PBXGroup;
			children = (
				EE3C9AFC2C40BD1600D22063 /* ApiViewModel.swift */,
				EEEC23732C40E0F600E259F7 /* HomeViewModel.swift */,
				EE8EA2F62C5091E400C947FA /* LoginViewModel.swift */,
			);
			path = ViewModel;
			sourceTree = "<group>";
		};
		EE8EA2E82C49F19B00C947FA /* Detail */ = {
			isa = PBXGroup;
			children = (
				EE8EA2E42C49EE1600C947FA /* ActorCard.swift */,
				EE8EA2EC2C49F1F100C947FA /* DetailPoster.swift */,
				EE8EA2F02C49F3D100C947FA /* DetailInfo.swift */,
			);
			path = Detail;
			sourceTree = "<group>";
		};
		EE8EA2E92C49F1A500C947FA /* Home */ = {
			isa = PBXGroup;
			children = (
				EE3C9AF62C40B9F400D22063 /* CategoryScrollView.swift */,
				EE3C9AFA2C40BBAC00D22063 /* MainPosterView.swift */,
				EE3C9AF82C40BA8C00D22063 /* PosterView.swift */,
			);
			path = Home;
			sourceTree = "<group>";
		};
		EE8EA2FD2C509C8900C947FA /* AuthScreens */ = {
			isa = PBXGroup;
			children = (
				EE8EA2F42C507F0C00C947FA /* LoginView.swift */,
				EE8EA2FB2C5098D700C947FA /* SignUpView.swift */,
				EE8EA2FE2C509CF800C947FA /* AuthView.swift */,
			);
			path = AuthScreens;
			sourceTree = "<group>";
		};
		EE8EA3002C50A24000C947FA /* Auth */ = {
			isa = PBXGroup;
			children = (
				EE8EA3012C50A25500C947FA /* EmailField.swift */,
				EE8EA3032C50A2E700C947FA /* PasswordField.swift */,
				EE8EA3052C50A60A00C947FA /* AuthContentField.swift */,
			);
			path = Auth;
			sourceTree = "<group>";
		};
		EEEC23702C40DC9700E259F7 /* PreviewData */ = {
			isa = PBXGroup;
			children = (
				EEEC23712C40DCAD00E259F7 /* MovieExampleData.swift */,
				EE8EA2E62C49EEED00C947FA /* CastExampleData.swift */,
				EE8EA2EE2C49F28600C947FA /* MovieDetailExampleData.swift */,
			);
			path = PreviewData;
			sourceTree = "<group>";
		};
		EEEC23752C40EA3300E259F7 /* Extension */ = {
			isa = PBXGroup;
			children = (
				EEEC23762C40EA4700E259F7 /* ColorExtension.swift */,
				EE8EA2F92C5093D000C947FA /* StringExtension.swift */,
			);
			path = Extension;
			sourceTree = "<group>";
		};
/* End PBXGroup section */

/* Begin PBXNativeTarget section */
		EE3C9ADC2C40B6D900D22063 /* MoviesDB */ = {
			isa = PBXNativeTarget;
			buildConfigurationList = EE3C9AEB2C40B6DA00D22063 /* Build configuration list for PBXNativeTarget "MoviesDB" */;
			buildPhases = (
				EE3C9AD92C40B6D900D22063 /* Sources */,
				EE3C9ADA2C40B6D900D22063 /* Frameworks */,
				EE3C9ADB2C40B6D900D22063 /* Resources */,
			);
			buildRules = (
			);
			dependencies = (
			);
			name = MoviesDB;
			packageProductDependencies = (
				EEEC23792C47DADD00E259F7 /* UIImageColors */,
			);
			productName = MoviesDB;
			productReference = EE3C9ADD2C40B6D900D22063 /* MoviesDB.app */;
			productType = "com.apple.product-type.application";
		};
/* End PBXNativeTarget section */

/* Begin PBXProject section */
		EE3C9AD52C40B6D900D22063 /* Project object */ = {
			isa = PBXProject;
			attributes = {
				BuildIndependentTargetsInParallel = 1;
				LastSwiftUpdateCheck = 1540;
				LastUpgradeCheck = 1540;
				TargetAttributes = {
					EE3C9ADC2C40B6D900D22063 = {
						CreatedOnToolsVersion = 15.4;
					};
				};
			};
			buildConfigurationList = EE3C9AD82C40B6D900D22063 /* Build configuration list for PBXProject "MoviesDB" */;
			compatibilityVersion = "Xcode 14.0";
			developmentRegion = en;
			hasScannedForEncodings = 0;
			knownRegions = (
				en,
				Base,
			);
			mainGroup = EE3C9AD42C40B6D900D22063;
			packageReferences = (
				EEEC23782C47DADD00E259F7 /* XCRemoteSwiftPackageReference "UIImageColors" */,
			);
			productRefGroup = EE3C9ADE2C40B6D900D22063 /* Products */;
			projectDirPath = "";
			projectRoot = "";
			targets = (
				EE3C9ADC2C40B6D900D22063 /* MoviesDB */,
			);
		};
/* End PBXProject section */

/* Begin PBXResourcesBuildPhase section */
		EE3C9ADB2C40B6D900D22063 /* Resources */ = {
			isa = PBXResourcesBuildPhase;
			buildActionMask = 2147483647;
			files = (
				EE3C9AE82C40B6DA00D22063 /* Preview Assets.xcassets in Resources */,
				EE8EA2F32C507ED200C947FA /* GoogleService-Info.plist in Resources */,
				EE3C9AE52C40B6DA00D22063 /* Assets.xcassets in Resources */,
			);
			runOnlyForDeploymentPostprocessing = 0;
		};
/* End PBXResourcesBuildPhase section */

/* Begin PBXSourcesBuildPhase section */
		EE3C9AD92C40B6D900D22063 /* Sources */ = {
			isa = PBXSourcesBuildPhase;
			buildActionMask = 2147483647;
			files = (
				EE8EA2EF2C49F28600C947FA /* MovieDetailExampleData.swift in Sources */,
				EE3C9AF22C40B7BF00D22063 /* HomeView.swift in Sources */,
				EE8EA2E72C49EEED00C947FA /* CastExampleData.swift in Sources */,
				EE8EA2ED2C49F1F100C947FA /* DetailPoster.swift in Sources */,
				EE3C9AF42C40B7CA00D22063 /* DetailView.swift in Sources */,
				EE8EA2FC2C5098D700C947FA /* SignUpView.swift in Sources */,
				EEEC23742C40E0F600E259F7 /* HomeViewModel.swift in Sources */,
				EE3C9AF72C40B9F400D22063 /* CategoryScrollView.swift in Sources */,
				EE8EA2E52C49EE1600C947FA /* ActorCard.swift in Sources */,
				EE8EA2F12C49F3D100C947FA /* DetailInfo.swift in Sources */,
				EE3C9AFB2C40BBAC00D22063 /* MainPosterView.swift in Sources */,
				EEEC23772C40EA4700E259F7 /* ColorExtension.swift in Sources */,
				EEEC236F2C40D56800E259F7 /* MovieCredits.swift in Sources */,
				EE8EA2FA2C5093D000C947FA /* StringExtension.swift in Sources */,
				EE8EA3062C50A60A00C947FA /* AuthContentField.swift in Sources */,
				EE8EA2FF2C509CF800C947FA /* AuthView.swift in Sources */,
				EE3C9AE32C40B6D900D22063 /* ContentView.swift in Sources */,
				EE3C9AFF2C40C0AB00D22063 /* MovieDBResponse.swift in Sources */,
				EE3C9AE12C40B6D900D22063 /* MoviesDBApp.swift in Sources */,
				EE3C9AF92C40BA8C00D22063 /* PosterView.swift in Sources */,
				EE8EA3042C50A2E700C947FA /* PasswordField.swift in Sources */,
				EE8EA3022C50A25500C947FA /* EmailField.swift in Sources */,
				EE3C9AFD2C40BD1600D22063 /* ApiViewModel.swift in Sources */,
				EEEC236D2C40D3BF00E259F7 /* MovieDetail.swift in Sources */,
				EE8EA2F52C507F0C00C947FA /* LoginView.swift in Sources */,
				EEEC23722C40DCAD00E259F7 /* MovieExampleData.swift in Sources */,
				EE8EA2F72C5091E400C947FA /* LoginViewModel.swift in Sources */,
			);
			runOnlyForDeploymentPostprocessing = 0;
		};
/* End PBXSourcesBuildPhase section */

/* Begin XCBuildConfiguration section */
		EE3C9AE92C40B6DA00D22063 /* Debug */ = {
			isa = XCBuildConfiguration;
			buildSettings = {
				ALWAYS_SEARCH_USER_PATHS = NO;
				ASSETCATALOG_COMPILER_GENERATE_SWIFT_ASSET_SYMBOL_EXTENSIONS = YES;
				CLANG_ANALYZER_NONNULL = YES;
				CLANG_ANALYZER_NUMBER_OBJECT_CONVERSION = YES_AGGRESSIVE;
				CLANG_CXX_LANGUAGE_STANDARD = "gnu++20";
				CLANG_ENABLE_MODULES = YES;
				CLANG_ENABLE_OBJC_ARC = YES;
				CLANG_ENABLE_OBJC_WEAK = YES;
				CLANG_WARN_BLOCK_CAPTURE_AUTORELEASING = YES;
				CLANG_WARN_BOOL_CONVERSION = YES;
				CLANG_WARN_COMMA = YES;
				CLANG_WARN_CONSTANT_CONVERSION = YES;
				CLANG_WARN_DEPRECATED_OBJC_IMPLEMENTATIONS = YES;
				CLANG_WARN_DIRECT_OBJC_ISA_USAGE = YES_ERROR;
				CLANG_WARN_DOCUMENTATION_COMMENTS = YES;
				CLANG_WARN_EMPTY_BODY = YES;
				CLANG_WARN_ENUM_CONVERSION = YES;
				CLANG_WARN_INFINITE_RECURSION = YES;
				CLANG_WARN_INT_CONVERSION = YES;
				CLANG_WARN_NON_LITERAL_NULL_CONVERSION = YES;
				CLANG_WARN_OBJC_IMPLICIT_RETAIN_SELF = YES;
				CLANG_WARN_OBJC_LITERAL_CONVERSION = YES;
				CLANG_WARN_OBJC_ROOT_CLASS = YES_ERROR;
				CLANG_WARN_QUOTED_INCLUDE_IN_FRAMEWORK_HEADER = YES;
				CLANG_WARN_RANGE_LOOP_ANALYSIS = YES;
				CLANG_WARN_STRICT_PROTOTYPES = YES;
				CLANG_WARN_SUSPICIOUS_MOVE = YES;
				CLANG_WARN_UNGUARDED_AVAILABILITY = YES_AGGRESSIVE;
				CLANG_WARN_UNREACHABLE_CODE = YES;
				CLANG_WARN__DUPLICATE_METHOD_MATCH = YES;
				COPY_PHASE_STRIP = NO;
				DEBUG_INFORMATION_FORMAT = dwarf;
				ENABLE_STRICT_OBJC_MSGSEND = YES;
				ENABLE_TESTABILITY = YES;
				ENABLE_USER_SCRIPT_SANDBOXING = YES;
				GCC_C_LANGUAGE_STANDARD = gnu17;
				GCC_DYNAMIC_NO_PIC = NO;
				GCC_NO_COMMON_BLOCKS = YES;
				GCC_OPTIMIZATION_LEVEL = 0;
				GCC_PREPROCESSOR_DEFINITIONS = (
					"DEBUG=1",
					"$(inherited)",
				);
				GCC_WARN_64_TO_32_BIT_CONVERSION = YES;
				GCC_WARN_ABOUT_RETURN_TYPE = YES_ERROR;
				GCC_WARN_UNDECLARED_SELECTOR = YES;
				GCC_WARN_UNINITIALIZED_AUTOS = YES_AGGRESSIVE;
				GCC_WARN_UNUSED_FUNCTION = YES;
				GCC_WARN_UNUSED_VARIABLE = YES;
				IPHONEOS_DEPLOYMENT_TARGET = 17.5;
				LOCALIZATION_PREFERS_STRING_CATALOGS = YES;
				MTL_ENABLE_DEBUG_INFO = INCLUDE_SOURCE;
				MTL_FAST_MATH = YES;
				ONLY_ACTIVE_ARCH = YES;
				SDKROOT = iphoneos;
				SWIFT_ACTIVE_COMPILATION_CONDITIONS = "DEBUG $(inherited)";
				SWIFT_OPTIMIZATION_LEVEL = "-Onone";
			};
			name = Debug;
		};
		EE3C9AEA2C40B6DA00D22063 /* Release */ = {
			isa = XCBuildConfiguration;
			buildSettings = {
				ALWAYS_SEARCH_USER_PATHS = NO;
				ASSETCATALOG_COMPILER_GENERATE_SWIFT_ASSET_SYMBOL_EXTENSIONS = YES;
				CLANG_ANALYZER_NONNULL = YES;
				CLANG_ANALYZER_NUMBER_OBJECT_CONVERSION = YES_AGGRESSIVE;
				CLANG_CXX_LANGUAGE_STANDARD = "gnu++20";
				CLANG_ENABLE_MODULES = YES;
				CLANG_ENABLE_OBJC_ARC = YES;
				CLANG_ENABLE_OBJC_WEAK = YES;
				CLANG_WARN_BLOCK_CAPTURE_AUTORELEASING = YES;
				CLANG_WARN_BOOL_CONVERSION = YES;
				CLANG_WARN_COMMA = YES;
				CLANG_WARN_CONSTANT_CONVERSION = YES;
				CLANG_WARN_DEPRECATED_OBJC_IMPLEMENTATIONS = YES;
				CLANG_WARN_DIRECT_OBJC_ISA_USAGE = YES_ERROR;
				CLANG_WARN_DOCUMENTATION_COMMENTS = YES;
				CLANG_WARN_EMPTY_BODY = YES;
				CLANG_WARN_ENUM_CONVERSION = YES;
				CLANG_WARN_INFINITE_RECURSION = YES;
				CLANG_WARN_INT_CONVERSION = YES;
				CLANG_WARN_NON_LITERAL_NULL_CONVERSION = YES;
				CLANG_WARN_OBJC_IMPLICIT_RETAIN_SELF = YES;
				CLANG_WARN_OBJC_LITERAL_CONVERSION = YES;
				CLANG_WARN_OBJC_ROOT_CLASS = YES_ERROR;
				CLANG_WARN_QUOTED_INCLUDE_IN_FRAMEWORK_HEADER = YES;
				CLANG_WARN_RANGE_LOOP_ANALYSIS = YES;
				CLANG_WARN_STRICT_PROTOTYPES = YES;
				CLANG_WARN_SUSPICIOUS_MOVE = YES;
				CLANG_WARN_UNGUARDED_AVAILABILITY = YES_AGGRESSIVE;
				CLANG_WARN_UNREACHABLE_CODE = YES;
				CLANG_WARN__DUPLICATE_METHOD_MATCH = YES;
				COPY_PHASE_STRIP = NO;
				DEBUG_INFORMATION_FORMAT = "dwarf-with-dsym";
				ENABLE_NS_ASSERTIONS = NO;
				ENABLE_STRICT_OBJC_MSGSEND = YES;
				ENABLE_USER_SCRIPT_SANDBOXING = YES;
				GCC_C_LANGUAGE_STANDARD = gnu17;
				GCC_NO_COMMON_BLOCKS = YES;
				GCC_WARN_64_TO_32_BIT_CONVERSION = YES;
				GCC_WARN_ABOUT_RETURN_TYPE = YES_ERROR;
				GCC_WARN_UNDECLARED_SELECTOR = YES;
				GCC_WARN_UNINITIALIZED_AUTOS = YES_AGGRESSIVE;
				GCC_WARN_UNUSED_FUNCTION = YES;
				GCC_WARN_UNUSED_VARIABLE = YES;
				IPHONEOS_DEPLOYMENT_TARGET = 17.5;
				LOCALIZATION_PREFERS_STRING_CATALOGS = YES;
				MTL_ENABLE_DEBUG_INFO = NO;
				MTL_FAST_MATH = YES;
				SDKROOT = iphoneos;
				SWIFT_COMPILATION_MODE = wholemodule;
				VALIDATE_PRODUCT = YES;
			};
			name = Release;
		};
		EE3C9AEC2C40B6DA00D22063 /* Debug */ = {
			isa = XCBuildConfiguration;
			buildSettings = {
				ASSETCATALOG_COMPILER_APPICON_NAME = AppIcon;
				ASSETCATALOG_COMPILER_GLOBAL_ACCENT_COLOR_NAME = AccentColor;
				CODE_SIGN_STYLE = Automatic;
				CURRENT_PROJECT_VERSION = 1;
				DEVELOPMENT_ASSET_PATHS = "\"MoviesDB/Preview Content\"";
				DEVELOPMENT_TEAM = 95S4YF8VTJ;
				ENABLE_PREVIEWS = YES;
				GENERATE_INFOPLIST_FILE = YES;
				INFOPLIST_KEY_UIApplicationSceneManifest_Generation = YES;
				INFOPLIST_KEY_UIApplicationSupportsIndirectInputEvents = YES;
				INFOPLIST_KEY_UILaunchScreen_Generation = YES;
				INFOPLIST_KEY_UISupportedInterfaceOrientations_iPad = "UIInterfaceOrientationPortrait UIInterfaceOrientationPortraitUpsideDown UIInterfaceOrientationLandscapeLeft UIInterfaceOrientationLandscapeRight";
				INFOPLIST_KEY_UISupportedInterfaceOrientations_iPhone = "UIInterfaceOrientationPortrait UIInterfaceOrientationLandscapeLeft UIInterfaceOrientationLandscapeRight";
				LD_RUNPATH_SEARCH_PATHS = (
					"$(inherited)",
					"@executable_path/Frameworks",
				);
				MARKETING_VERSION = 1.0;
				PRODUCT_BUNDLE_IDENTIFIER = com.lugo.reiwil.MoviesDB;
				PRODUCT_NAME = "$(TARGET_NAME)";
				SWIFT_EMIT_LOC_STRINGS = YES;
				SWIFT_VERSION = 5.0;
				TARGETED_DEVICE_FAMILY = "1,2";
			};
			name = Debug;
		};
		EE3C9AED2C40B6DA00D22063 /* Release */ = {
			isa = XCBuildConfiguration;
			buildSettings = {
				ASSETCATALOG_COMPILER_APPICON_NAME = AppIcon;
				ASSETCATALOG_COMPILER_GLOBAL_ACCENT_COLOR_NAME = AccentColor;
				CODE_SIGN_STYLE = Automatic;
				CURRENT_PROJECT_VERSION = 1;
				DEVELOPMENT_ASSET_PATHS = "\"MoviesDB/Preview Content\"";
				DEVELOPMENT_TEAM = 95S4YF8VTJ;
				ENABLE_PREVIEWS = YES;
				GENERATE_INFOPLIST_FILE = YES;
				INFOPLIST_KEY_UIApplicationSceneManifest_Generation = YES;
				INFOPLIST_KEY_UIApplicationSupportsIndirectInputEvents = YES;
				INFOPLIST_KEY_UILaunchScreen_Generation = YES;
				INFOPLIST_KEY_UISupportedInterfaceOrientations_iPad = "UIInterfaceOrientationPortrait UIInterfaceOrientationPortraitUpsideDown UIInterfaceOrientationLandscapeLeft UIInterfaceOrientationLandscapeRight";
				INFOPLIST_KEY_UISupportedInterfaceOrientations_iPhone = "UIInterfaceOrientationPortrait UIInterfaceOrientationLandscapeLeft UIInterfaceOrientationLandscapeRight";
				LD_RUNPATH_SEARCH_PATHS = (
					"$(inherited)",
					"@executable_path/Frameworks",
				);
				MARKETING_VERSION = 1.0;
				PRODUCT_BUNDLE_IDENTIFIER = com.lugo.reiwil.MoviesDB;
				PRODUCT_NAME = "$(TARGET_NAME)";
				SWIFT_EMIT_LOC_STRINGS = YES;
				SWIFT_VERSION = 5.0;
				TARGETED_DEVICE_FAMILY = "1,2";
			};
			name = Release;
		};
/* End XCBuildConfiguration section */

/* Begin XCConfigurationList section */
		EE3C9AD82C40B6D900D22063 /* Build configuration list for PBXProject "MoviesDB" */ = {
			isa = XCConfigurationList;
			buildConfigurations = (
				EE3C9AE92C40B6DA00D22063 /* Debug */,
				EE3C9AEA2C40B6DA00D22063 /* Release */,
			);
			defaultConfigurationIsVisible = 0;
			defaultConfigurationName = Release;
		};
		EE3C9AEB2C40B6DA00D22063 /* Build configuration list for PBXNativeTarget "MoviesDB" */ = {
			isa = XCConfigurationList;
			buildConfigurations = (
				EE3C9AEC2C40B6DA00D22063 /* Debug */,
				EE3C9AED2C40B6DA00D22063 /* Release */,
			);
			defaultConfigurationIsVisible = 0;
			defaultConfigurationName = Release;
		};
/* End XCConfigurationList section */

/* Begin XCRemoteSwiftPackageReference section */
		EEEC23782C47DADD00E259F7 /* XCRemoteSwiftPackageReference "UIImageColors" */ = {
			isa = XCRemoteSwiftPackageReference;
			repositoryURL = "https://github.com/jathu/UIImageColors.git";
			requirement = {
				kind = upToNextMajorVersion;
				minimumVersion = 2.2.0;
			};
		};
/* End XCRemoteSwiftPackageReference section */

/* Begin XCSwiftPackageProductDependency section */
		EEEC23792C47DADD00E259F7 /* UIImageColors */ = {
			isa = XCSwiftPackageProductDependency;
			package = EEEC23782C47DADD00E259F7 /* XCRemoteSwiftPackageReference "UIImageColors" */;
			productName = UIImageColors;
		};
/* End XCSwiftPackageProductDependency section */
	};
	rootObject = EE3C9AD52C40B6D900D22063 /* Project object */;
}
