{
  "originHash" : "5538b44f0a99ec0b3f4418479c9fe5541c05a6a98aebaf2b9f46915d71cfcc03",
  "pins" : [
    {
      "identity" : "uiimagecolors",
      "kind" : "remoteSourceControl",
      "location" : "https://github.com/jathu/UIImageColors.git",
      "state" : {
        "revision" : "e49e6c32ea556e9fa0109dc79686bea4a10d41a2",
        "version" : "2.2.0"
      }
    }
  ],
  "version" : 3
}
